
Microsoft Visual Studio Solution File, Format Version 12.00
# Visual Studio 14
VisualStudioVersion = 14.0.24720.0
MinimumVisualStudioVersion = 10.0.40219.1
Project("{FAE04EC0-301F-11D3-BF4B-00C04F79EFBC}") = "ProductServices", "ProductServices\ProductServices.csproj", "{F732A037-7EF0-45D2-A329-8957D7473EDA}"
EndProject
Project("{FAE04EC0-301F-11D3-BF4B-00C04F79EFBC}") = "ProductModules", "ProductModules\ProductModules.csproj", "{423E9A0C-F03D-4003-8EBF-3EFAF5174A7A}"
EndProject
Global
	GlobalSection(SolutionConfigurationPlatforms) = preSolution
		Debug|Any CPU = Debug|Any CPU
		Release|Any CPU = Release|Any CPU
	EndGlobalSection
	GlobalSection(ProjectConfigurationPlatforms) = postSolution
		{F732A037-7EF0-45D2-A329-8957D7473EDA}.Debug|Any CPU.ActiveCfg = Debug|Any CPU
		{F732A037-7EF0-45D2-A329-8957D7473EDA}.Debug|Any CPU.Build.0 = Debug|Any CPU
		{F732A037-7EF0-45D2-A329-8957D7473EDA}.Release|Any CPU.ActiveCfg = Release|Any CPU
		{F732A037-7EF0-45D2-A329-8957D7473EDA}.Release|Any CPU.Build.0 = Release|Any CPU
		{423E9A0C-F03D-4003-8EBF-3EFAF5174A7A}.Debug|Any CPU.ActiveCfg = Debug|Any CPU
		{423E9A0C-F03D-4003-8EBF-3EFAF5174A7A}.Debug|Any CPU.Build.0 = Debug|Any CPU
		{423E9A0C-F03D-4003-8EBF-3EFAF5174A7A}.Release|Any CPU.ActiveCfg = Release|Any CPU
		{423E9A0C-F03D-4003-8EBF-3EFAF5174A7A}.Release|Any CPU.Build.0 = Release|Any CPU
	EndGlobalSection
	GlobalSection(SolutionProperties) = preSolution
		HideSolutionNode = FALSE
	EndGlobalSection
EndGlobal
